
Microsoft Visual Studio Solution File, Format Version 12.00
# Visual Studio 15
VisualStudioVersion = 15.0.28307.902
MinimumVisualStudioVersion = 10.0.40219.1
Project("{FAE04EC0-301F-11D3-BF4B-00C04F79EFBC}") = "ERPNew", "ERPNew\ERPNew.csproj", "{0B6CF1F5-BA32-4E93-912D-2938CA24DEEC}"
EndProject
Global
	GlobalSection(SolutionConfigurationPlatforms) = preSolution
		Debug|Any CPU = Debug|Any CPU
		Release|Any CPU = Release|Any CPU
	EndGlobalSection
	GlobalSection(ProjectConfigurationPlatforms) = postSolution
		{0B6CF1F5-BA32-4E93-912D-2938CA24DEEC}.Debug|Any CPU.ActiveCfg = Debug|Any CPU
		{0B6CF1F5-BA32-4E93-912D-2938CA24DEEC}.Debug|Any CPU.Build.0 = Debug|Any CPU
		{0B6CF1F5-BA32-4E93-912D-2938CA24DEEC}.Release|Any CPU.ActiveCfg = Release|Any CPU
		{0B6CF1F5-BA32-4E93-912D-2938CA24DEEC}.Release|Any CPU.Build.0 = Release|Any CPU
	EndGlobalSection
	GlobalSection(SolutionProperties) = preSolution
		HideSolutionNode = FALSE
	EndGlobalSection
	GlobalSection(ExtensibilityGlobals) = postSolution
		SolutionGuid = {E219E3A6-4888-49EE-84AA-2557F9B358D3}
	EndGlobalSection
EndGlobal
